{
  "name": "eatodo",
  "version": "0.0.3",
  "lockfileVersion": 1,
  "requires": true,
  "dependencies": {
    "angular": {
      "version": "1.7.8",
      "resolved": "https://registry.npm.taobao.org/angular/download/angular-1.7.8.tgz",
      "integrity": "sha1-t37eJyzhsmHjvjDBRRoLNGkFo8k="
    },
    "angular-animate": {
      "version": "1.7.8",
      "resolved": "https://registry.npm.taobao.org/angular-animate/download/angular-animate-1.7.8.tgz",
      "integrity": "sha1-yV8jfv5+z+DmADrbXix+8OWiudQ="
    },
    "angular-aria": {
      "version": "1.7.8",
      "resolved": "https://registry.npm.taobao.org/angular-aria/download/angular-aria-1.7.8.tgz",
      "integrity": "sha1-OVQlDvUWtXzdPN9B/07m/P3ITOs="
    },
    "angular-bootstrap": {
      "version": "0.12.2",
      "resolved": "https://registry.npm.taobao.org/angular-bootstrap/download/angular-bootstrap-0.12.2.tgz",
      "integrity": "sha1-3pkAp9sIen6dpHMEqcL3f5wGmCc="
    },
    "angular-material": {
      "version": "1.1.19",
      "resolved": "https://registry.npm.taobao.org/angular-material/download/angular-material-1.1.19.tgz",
      "integrity": "sha1-HDCzFD7dh2VmD/MDZ9n+0DwpM40="
    },
    "angular-messages": {
      "version": "1.7.8",
      "resolved": "https://registry.npm.taobao.org/angular-messages/download/angular-messages-1.7.8.tgz",
      "integrity": "sha1-dG2pyVX4Ve9s6sNLKl64sbEuang="
    },
    "angular-ui-bootstrap": {
      "version": "2.5.6",
      "resolved": "https://registry.npm.taobao.org/angular-ui-bootstrap/download/angular-ui-bootstrap-2.5.6.tgz",
      "integrity": "sha1-I5NzIuxkGm++4WSYzDJFKqGZ58U="
    },
    "async": {
      "version": "1.0.0",
      "resolved": "https://registry.npm.taobao.org/async/download/async-1.0.0.tgz",
      "integrity": "sha1-+PwEyjoTeErenhZBr5hXjPvWR6k="
    },
    "babel-runtime": {
      "version": "6.26.0",
      "resolved": "https://registry.npm.taobao.org/babel-runtime/download/babel-runtime-6.26.0.tgz",
      "integrity": "sha1-llxwWGaOgrVde/4E/yM3vItWR/4=",
      "requires": {
        "core-js": "^2.4.0",
        "regenerator-runtime": "^0.11.0"
      }
    },
    "bootstrap": {
      "version": "3.4.1",
      "resolved": "https://registry.npm.taobao.org/bootstrap/download/bootstrap-3.4.1.tgz",
      "integrity": "sha1-w6NH1Bniia0R9AM+PEEyuHwIHXI="
    },
    "colors": {
      "version": "1.0.3",
      "resolved": "https://registry.npm.taobao.org/colors/download/colors-1.0.3.tgz",
      "integrity": "sha1-BDP0TYCWgP3rYO0mDxsMJi6CpAs="
    },
    "core-js": {
      "version": "2.6.9",
      "resolved": "https://registry.npm.taobao.org/core-js/download/core-js-2.6.9.tgz?cache=0&sync_timestamp=1560599811627&other_urls=https%3A%2F%2Fregistry.npm.taobao.org%2Fcore-js%2Fdownload%2Fcore-js-2.6.9.tgz",
      "integrity": "sha1-a0shRiDINBUuF5Mjcn/Bl0GwhPI="
    },
    "cycle": {
      "version": "1.0.3",
      "resolved": "https://registry.npm.taobao.org/cycle/download/cycle-1.0.3.tgz",
      "integrity": "sha1-IegLK+hYD5i0aPN5QwZisEbDStI="
    },
    "debug": {
      "version": "2.6.9",
      "resolved": "https://registry.npm.taobao.org/debug/download/debug-2.6.9.tgz?cache=0&other_urls=https%3A%2F%2Fregistry.npm.taobao.org%2Fdebug%2Fdownload%2Fdebug-2.6.9.tgz",
      "integrity": "sha1-XRKFFd8TT/Mn6QpMk/Tgd6U2NB8=",
      "requires": {
        "ms": "2.0.0"
      }
    },
    "define-properties": {
      "version": "1.1.3",
      "resolved": "https://registry.npm.taobao.org/define-properties/download/define-properties-1.1.3.tgz",
      "integrity": "sha1-z4jabL7ib+bbcJT2HYcMvYTO6fE=",
      "requires": {
        "object-keys": "^1.0.12"
      }
    },
    "dom-walk": {
      "version": "0.1.1",
      "resolved": "https://registry.npm.taobao.org/dom-walk/download/dom-walk-0.1.1.tgz",
      "integrity": "sha1-ZyIm3HTI95mtNTB9+TaroRrNYBg="
    },
    "electron-squirrel-startup": {
      "version": "1.0.0",
      "resolved": "https://registry.npm.taobao.org/electron-squirrel-startup/download/electron-squirrel-startup-1.0.0.tgz",
      "integrity": "sha1-GbTlWTP6Dvj1VnhLnGYPdyVGoLg=",
      "requires": {
        "debug": "^2.2.0"
      }
    },
    "es-abstract": {
      "version": "1.13.0",
      "resolved": "https://registry.npm.taobao.org/es-abstract/download/es-abstract-1.13.0.tgz",
      "integrity": "sha1-rIYUX91QmdjdSVWMy6Lq+biOJOk=",
      "requires": {
        "es-to-primitive": "^1.2.0",
        "function-bind": "^1.1.1",
        "has": "^1.0.3",
        "is-callable": "^1.1.4",
        "is-regex": "^1.0.4",
        "object-keys": "^1.0.12"
      }
    },
    "es-to-primitive": {
      "version": "1.2.0",
      "resolved": "https://registry.npm.taobao.org/es-to-primitive/download/es-to-primitive-1.2.0.tgz",
      "integrity": "sha1-7fckeAM0VujdqO8J4ArZZQcH83c=",
      "requires": {
        "is-callable": "^1.1.4",
        "is-date-object": "^1.0.1",
        "is-symbol": "^1.0.2"
      }
    },
    "es5-shim": {
      "version": "4.5.13",
      "resolved": "https://registry.npm.taobao.org/es5-shim/download/es5-shim-4.5.13.tgz",
      "integrity": "sha1-XYgGLeBJ+Jafg3g/SkiEOV8h0os="
    },
    "eyes": {
      "version": "0.1.8",
      "resolved": "https://registry.npm.taobao.org/eyes/download/eyes-0.1.8.tgz",
      "integrity": "sha1-Ys8SAjTGg3hdkCNIqADvPgzCC8A="
    },
    "for-each": {
      "version": "0.3.3",
      "resolved": "https://registry.npm.taobao.org/for-each/download/for-each-0.3.3.tgz",
      "integrity": "sha1-abRH6IoKXTLD5whPPxcQA0shN24=",
      "requires": {
        "is-callable": "^1.1.3"
      }
    },
    "function-bind": {
      "version": "1.1.1",
      "resolved": "https://registry.npm.taobao.org/function-bind/download/function-bind-1.1.1.tgz",
      "integrity": "sha1-pWiZ0+o8m6uHS7l3O3xe3pL0iV0="
    },
    "global": {
      "version": "4.3.0",
      "resolved": "https://registry.npm.taobao.org/global/download/global-4.3.0.tgz",
      "integrity": "sha1-737EvurVebRU9evV5/MD21T0Kis=",
      "requires": {
        "min-document": "^2.6.1",
        "process": "~0.5.1"
      }
    },
    "has": {
      "version": "1.0.3",
      "resolved": "https://registry.npm.taobao.org/has/download/has-1.0.3.tgz",
      "integrity": "sha1-ci18v8H2qoJB8W3YFOAR4fQeh5Y=",
      "requires": {
        "function-bind": "^1.1.1"
      }
    },
    "has-symbols": {
      "version": "1.0.0",
      "resolved": "https://registry.npm.taobao.org/has-symbols/download/has-symbols-1.0.0.tgz",
      "integrity": "sha1-uhqPGvKg/DllD1yFA2dwQSIGO0Q="
    },
    "individual": {
      "version": "2.0.0",
      "resolved": "https://registry.npm.taobao.org/individual/download/individual-2.0.0.tgz",
      "integrity": "sha1-gzsJfa0jKU52EXqY+zjg2a1hu5c="
    },
    "is-callable": {
      "version": "1.1.4",
      "resolved": "https://registry.npm.taobao.org/is-callable/download/is-callable-1.1.4.tgz",
      "integrity": "sha1-HhrfIZ4e62hNaR+dagX/DTCiTXU="
    },
    "is-date-object": {
      "version": "1.0.1",
      "resolved": "https://registry.npm.taobao.org/is-date-object/download/is-date-object-1.0.1.tgz",
      "integrity": "sha1-mqIOtq7rv/d/vTPnTKAbM1gdOhY="
    },
    "is-function": {
      "version": "1.0.1",
      "resolved": "https://registry.npm.taobao.org/is-function/download/is-function-1.0.1.tgz",
      "integrity": "sha1-Es+5i2W1fdPRk6MSH19uL0N2ArU="
    },
    "is-regex": {
      "version": "1.0.4",
      "resolved": "https://registry.npm.taobao.org/is-regex/download/is-regex-1.0.4.tgz",
      "integrity": "sha1-VRdIm1RwkbCTDglWVM7SXul+lJE=",
      "requires": {
        "has": "^1.0.1"
      }
    },
    "is-symbol": {
      "version": "1.0.2",
      "resolved": "https://registry.npm.taobao.org/is-symbol/download/is-symbol-1.0.2.tgz",
      "integrity": "sha1-oFX2rlcZLK7jKeeoYBGLSXqVDzg=",
      "requires": {
        "has-symbols": "^1.0.0"
      }
    },
    "isstream": {
      "version": "0.1.2",
      "resolved": "https://registry.npm.taobao.org/isstream/download/isstream-0.1.2.tgz",
      "integrity": "sha1-R+Y/evVa+m+S4VAOaQ64uFKcCZo="
    },
    "jquery": {
      "version": "3.4.1",
      "resolved": "https://registry.npm.taobao.org/jquery/download/jquery-3.4.1.tgz",
      "integrity": "sha1-cU8fjZ3eS9+lV2S6N+8hRjDYDvI="
    },
    "min-document": {
      "version": "2.19.0",
      "resolved": "https://registry.npm.taobao.org/min-document/download/min-document-2.19.0.tgz",
      "integrity": "sha1-e9KC4/WELtKVu3SM3Z8f+iyCRoU=",
      "requires": {
        "dom-walk": "^0.1.0"
      }
    },
    "ms": {
      "version": "2.0.0",
      "resolved": "https://registry.npm.taobao.org/ms/download/ms-2.0.0.tgz?cache=0&other_urls=https%3A%2F%2Fregistry.npm.taobao.org%2Fms%2Fdownload%2Fms-2.0.0.tgz",
      "integrity": "sha1-VgiurfwAvmwpAd9fmGF4jeDVl8g="
    },
    "object-keys": {
      "version": "1.1.1",
      "resolved": "https://registry.npm.taobao.org/object-keys/download/object-keys-1.1.1.tgz",
      "integrity": "sha1-HEfyct8nfzsdrwYWd9nILiMixg4="
    },
    "parse-headers": {
      "version": "2.0.2",
      "resolved": "https://registry.npm.taobao.org/parse-headers/download/parse-headers-2.0.2.tgz",
      "integrity": "sha1-lUXopMGuXq6n0kmSvKiQKB7SbjQ=",
      "requires": {
        "for-each": "^0.3.3",
        "string.prototype.trim": "^1.1.2"
      }
    },
    "process": {
      "version": "0.5.2",
      "resolved": "https://registry.npm.taobao.org/process/download/process-0.5.2.tgz",
      "integrity": "sha1-FjjYqONML0QKkduVq5rrZ3/Bhc8="
    },
    "regenerator-runtime": {
      "version": "0.11.1",
      "resolved": "https://registry.npm.taobao.org/regenerator-runtime/download/regenerator-runtime-0.11.1.tgz?cache=0&other_urls=https%3A%2F%2Fregistry.npm.taobao.org%2Fregenerator-runtime%2Fdownload%2Fregenerator-runtime-0.11.1.tgz",
      "integrity": "sha1-vgWtf5v30i4Fb5cmzuUBf78Z4uk="
    },
    "rust-result": {
      "version": "1.0.0",
      "resolved": "https://registry.npm.taobao.org/rust-result/download/rust-result-1.0.0.tgz",
      "integrity": "sha1-NMdbLm3Dn+WHXlveyFteD5FTb3I=",
      "requires": {
        "individual": "^2.0.0"
      }
    },
    "safe-json-parse": {
      "version": "4.0.0",
      "resolved": "https://registry.npm.taobao.org/safe-json-parse/download/safe-json-parse-4.0.0.tgz",
      "integrity": "sha1-fA9XjPzNEtM6ccDgVBPi7KFx6qw=",
      "requires": {
        "rust-result": "^1.0.0"
      }
    },
    "stack-trace": {
      "version": "0.0.10",
      "resolved": "https://registry.npm.taobao.org/stack-trace/download/stack-trace-0.0.10.tgz",
      "integrity": "sha1-VHxws0fo0ytOEI6hoqFZ5f3eGcA="
    },
    "string.prototype.trim": {
      "version": "1.1.2",
      "resolved": "https://registry.npm.taobao.org/string.prototype.trim/download/string.prototype.trim-1.1.2.tgz",
      "integrity": "sha1-0E3iyJ4Tf019IG8Ia17S+ua+jOo=",
      "requires": {
        "define-properties": "^1.1.2",
        "es-abstract": "^1.5.0",
        "function-bind": "^1.0.2"
      }
    },
    "tsml": {
      "version": "1.0.1",
      "resolved": "https://registry.npm.taobao.org/tsml/download/tsml-1.0.1.tgz",
      "integrity": "sha1-ifghi52eJX9H1/a1bQHFpNLGj8M="
    },
    "underscore": {
      "version": "1.12.1",
      "resolved": "https://registry.npmjs.org/underscore/-/underscore-1.12.1.tgz",
      "integrity": "sha512-hEQt0+ZLDVUMhebKxL4x1BTtDY7bavVofhZ9KZ4aI26X9SRaE+Y3m83XUL1UP2jn8ynjndwCCpEHdUG+9pP1Tw=="
    },
    "video.js": {
      "version": "5.20.5",
      "resolved": "https://registry.npm.taobao.org/video.js/download/video.js-5.20.5.tgz",
      "integrity": "sha1-RFza4gS85Fl4LYajGyWjKv1tjv8=",
      "requires": {
        "babel-runtime": "^6.9.2",
        "global": "4.3.0",
        "safe-json-parse": "4.0.0",
        "tsml": "1.0.1",
        "videojs-font": "2.0.0",
        "videojs-ie8": "1.1.2",
        "videojs-swf": "5.4.1",
        "videojs-vtt.js": "0.12.6",
        "xhr": "2.2.2"
      }
    },
    "videojs-font": {
      "version": "2.0.0",
      "resolved": "https://registry.npm.taobao.org/videojs-font/download/videojs-font-2.0.0.tgz",
      "integrity": "sha1-r3Rh751LleAzS/+3iy8v8DZKkDQ="
    },
    "videojs-ie8": {
      "version": "1.1.2",
      "resolved": "https://registry.npm.taobao.org/videojs-ie8/download/videojs-ie8-1.1.2.tgz",
      "integrity": "sha1-oj09hgitcZK2nGB3/E64SJmNNdk=",
      "requires": {
        "es5-shim": "^4.5.1"
      }
    },
    "videojs-swf": {
      "version": "5.4.1",
      "resolved": "https://registry.npm.taobao.org/videojs-swf/download/videojs-swf-5.4.1.tgz",
      "integrity": "sha1-IHfvccdJ8seCPvSbq65N0qywj4c="
    },
    "videojs-vtt.js": {
      "version": "0.12.6",
      "resolved": "https://registry.npm.taobao.org/videojs-vtt.js/download/videojs-vtt.js-0.12.6.tgz",
      "integrity": "sha1-4HhgC9qJnqpvnDMHE0zQyBGUe44=",
      "requires": {
        "global": "^4.3.1"
      },
      "dependencies": {
        "global": {
          "version": "4.4.0",
          "resolved": "https://registry.npm.taobao.org/global/download/global-4.4.0.tgz",
          "integrity": "sha1-PnsQUXkAajI+1xqvyj6cV6XMZAY=",
          "requires": {
            "min-document": "^2.19.0",
            "process": "^0.11.10"
          }
        },
        "process": {
          "version": "0.11.10",
          "resolved": "https://registry.npm.taobao.org/process/download/process-0.11.10.tgz",
          "integrity": "sha1-czIwDoQBYb2j5podHZGn1LwW8YI="
        }
      }
    },
    "vjs-video": {
      "version": "0.1.11",
      "resolved": "https://registry.npm.taobao.org/vjs-video/download/vjs-video-0.1.11.tgz",
      "integrity": "sha1-KcTFHFV06Wad1MHbABuxZfLD1Bg=",
      "requires": {
        "angular": ">=1.3.0",
        "video.js": "^5.12.0"
      }
    },
    "winston": {
      "version": "2.4.4",
      "resolved": "https://registry.npm.taobao.org/winston/download/winston-2.4.4.tgz",
      "integrity": "sha1-oB5NHQoQPPTq2m/B+IazEQ1xw0s=",
      "requires": {
        "async": "~1.0.0",
        "colors": "1.0.x",
        "cycle": "1.0.x",
        "eyes": "0.1.x",
        "isstream": "0.1.x",
        "stack-trace": "0.0.x"
      }
    },
    "xhr": {
      "version": "2.2.2",
      "resolved": "https://registry.npm.taobao.org/xhr/download/xhr-2.2.2.tgz",
      "integrity": "sha1-LuclcYafhobUFVmp6ihsGJcUNf8=",
      "requires": {
        "global": "~4.3.0",
        "is-function": "^1.0.1",
        "parse-headers": "^2.0.0",
        "xtend": "^4.0.0"
      }
    },
    "xtend": {
      "version": "4.0.1",
      "resolved": "https://registry.npm.taobao.org/xtend/download/xtend-4.0.1.tgz",
      "integrity": "sha1-pcbVMr5lbiPbgg77lDofBJmNY68="
    }
  }
}
